
Microsoft Visual Studio Solution File, Format Version 12.00
# Visual Studio Version 17
VisualStudioVersion = 17.0.31903.59
MinimumVisualStudioVersion = 10.0.40219.1
Project("{2150E333-8FDC-42A3-9474-1A3956D46DE8}") = "src", "src", "{827E0CD3-B72D-47B6-A68D-7590B98EB39B}"
EndProject
Project("{FAE04EC0-301F-11D3-BF4B-00C04F79EFBC}") = "Api", "src\Api\Api.csproj", "{07BDFC2D-501B-40BE-9E75-30CCA30DB314}"
EndProject
Project("{FAE04EC0-301F-11D3-BF4B-00C04F79EFBC}") = "Domain", "src\Domain\Domain.csproj", "{5F5B37C9-8338-4723-B386-2F90A8B26FC1}"
EndProject
Project("{FAE04EC0-301F-11D3-BF4B-00C04F79EFBC}") = "Application", "src\Application\Application.csproj", "{FDF12090-00DE-4B45-9947-4F847221E7E6}"
EndProject
Project("{FAE04EC0-301F-11D3-BF4B-00C04F79EFBC}") = "Infrastructure", "src\Infrastructure\Infrastructure.csproj", "{B3CC29A0-3E41-4831-A213-3E2D6ED8D191}"
EndProject
Project("{FAE04EC0-301F-11D3-BF4B-00C04F79EFBC}") = "SharedKernel", "src\SharedKernel\SharedKernel.csproj", "{09E7E30F-B790-43C5-AAA7-716BC75B084C}"
EndProject
Project("{FAE04EC0-301F-11D3-BF4B-00C04F79EFBC}") = "Bootstrapper", "src\Bootstrapper\Bootstrapper.csproj", "{3D4E0CAA-F85B-4232-8165-6BB99CA4157B}"
EndProject
Project("{2150E333-8FDC-42A3-9474-1A3956D46DE8}") = "tests", "tests", "{0AB3BF05-4346-4AA6-1389-037BE0695223}"
EndProject
Project("{FAE04EC0-301F-11D3-BF4B-00C04F79EFBC}") = "Audit.UnitTests", "tests\Audit.UnitTests\Audit.UnitTests.csproj", "{8C132860-3832-49A6-AC86-01B4109CCB8D}"
EndProject
Project("{FAE04EC0-301F-11D3-BF4B-00C04F79EFBC}") = "Api.IntegrationTests", "tests\Api.IntegrationTests\Api.IntegrationTests.csproj", "{752F92F1-2020-49A2-9DE8-3D99F6788D14}"
EndProject
Global
	GlobalSection(SolutionConfigurationPlatforms) = preSolution
		Debug|Any CPU = Debug|Any CPU
		Debug|x64 = Debug|x64
		Debug|x86 = Debug|x86
		Release|Any CPU = Release|Any CPU
		Release|x64 = Release|x64
		Release|x86 = Release|x86
	EndGlobalSection
	GlobalSection(ProjectConfigurationPlatforms) = postSolution
		{07BDFC2D-501B-40BE-9E75-30CCA30DB314}.Debug|Any CPU.ActiveCfg = Debug|Any CPU
		{07BDFC2D-501B-40BE-9E75-30CCA30DB314}.Debug|Any CPU.Build.0 = Debug|Any CPU
		{07BDFC2D-501B-40BE-9E75-30CCA30DB314}.Debug|x64.ActiveCfg = Debug|Any CPU
		{07BDFC2D-501B-40BE-9E75-30CCA30DB314}.Debug|x64.Build.0 = Debug|Any CPU
		{07BDFC2D-501B-40BE-9E75-30CCA30DB314}.Debug|x86.ActiveCfg = Debug|Any CPU
		{07BDFC2D-501B-40BE-9E75-30CCA30DB314}.Debug|x86.Build.0 = Debug|Any CPU
		{07BDFC2D-501B-40BE-9E75-30CCA30DB314}.Release|Any CPU.ActiveCfg = Release|Any CPU
		{07BDFC2D-501B-40BE-9E75-30CCA30DB314}.Release|Any CPU.Build.0 = Release|Any CPU
		{07BDFC2D-501B-40BE-9E75-30CCA30DB314}.Release|x64.ActiveCfg = Release|Any CPU
		{07BDFC2D-501B-40BE-9E75-30CCA30DB314}.Release|x64.Build.0 = Release|Any CPU
		{07BDFC2D-501B-40BE-9E75-30CCA30DB314}.Release|x86.ActiveCfg = Release|Any CPU
		{07BDFC2D-501B-40BE-9E75-30CCA30DB314}.Release|x86.Build.0 = Release|Any CPU
		{5F5B37C9-8338-4723-B386-2F90A8B26FC1}.Debug|Any CPU.ActiveCfg = Debug|Any CPU
		{5F5B37C9-8338-4723-B386-2F90A8B26FC1}.Debug|Any CPU.Build.0 = Debug|Any CPU
		{5F5B37C9-8338-4723-B386-2F90A8B26FC1}.Debug|x64.ActiveCfg = Debug|Any CPU
		{5F5B37C9-8338-4723-B386-2F90A8B26FC1}.Debug|x64.Build.0 = Debug|Any CPU
		{5F5B37C9-8338-4723-B386-2F90A8B26FC1}.Debug|x86.ActiveCfg = Debug|Any CPU
		{5F5B37C9-8338-4723-B386-2F90A8B26FC1}.Debug|x86.Build.0 = Debug|Any CPU
		{5F5B37C9-8338-4723-B386-2F90A8B26FC1}.Release|Any CPU.ActiveCfg = Release|Any CPU
		{5F5B37C9-8338-4723-B386-2F90A8B26FC1}.Release|Any CPU.Build.0 = Release|Any CPU
		{5F5B37C9-8338-4723-B386-2F90A8B26FC1}.Release|x64.ActiveCfg = Release|Any CPU
		{5F5B37C9-8338-4723-B386-2F90A8B26FC1}.Release|x64.Build.0 = Release|Any CPU
		{5F5B37C9-8338-4723-B386-2F90A8B26FC1}.Release|x86.ActiveCfg = Release|Any CPU
		{5F5B37C9-8338-4723-B386-2F90A8B26FC1}.Release|x86.Build.0 = Release|Any CPU
		{FDF12090-00DE-4B45-9947-4F847221E7E6}.Debug|Any CPU.ActiveCfg = Debug|Any CPU
		{FDF12090-00DE-4B45-9947-4F847221E7E6}.Debug|Any CPU.Build.0 = Debug|Any CPU
		{FDF12090-00DE-4B45-9947-4F847221E7E6}.Debug|x64.ActiveCfg = Debug|Any CPU
		{FDF12090-00DE-4B45-9947-4F847221E7E6}.Debug|x64.Build.0 = Debug|Any CPU
		{FDF12090-00DE-4B45-9947-4F847221E7E6}.Debug|x86.ActiveCfg = Debug|Any CPU
		{FDF12090-00DE-4B45-9947-4F847221E7E6}.Debug|x86.Build.0 = Debug|Any CPU
		{FDF12090-00DE-4B45-9947-4F847221E7E6}.Release|Any CPU.ActiveCfg = Release|Any CPU
		{FDF12090-00DE-4B45-9947-4F847221E7E6}.Release|Any CPU.Build.0 = Release|Any CPU
		{FDF12090-00DE-4B45-9947-4F847221E7E6}.Release|x64.ActiveCfg = Release|Any CPU
		{FDF12090-00DE-4B45-9947-4F847221E7E6}.Release|x64.Build.0 = Release|Any CPU
		{FDF12090-00DE-4B45-9947-4F847221E7E6}.Release|x86.ActiveCfg = Release|Any CPU
		{FDF12090-00DE-4B45-9947-4F847221E7E6}.Release|x86.Build.0 = Release|Any CPU
		{B3CC29A0-3E41-4831-A213-3E2D6ED8D191}.Debug|Any CPU.ActiveCfg = Debug|Any CPU
		{B3CC29A0-3E41-4831-A213-3E2D6ED8D191}.Debug|Any CPU.Build.0 = Debug|Any CPU
		{B3CC29A0-3E41-4831-A213-3E2D6ED8D191}.Debug|x64.ActiveCfg = Debug|Any CPU
		{B3CC29A0-3E41-4831-A213-3E2D6ED8D191}.Debug|x64.Build.0 = Debug|Any CPU
		{B3CC29A0-3E41-4831-A213-3E2D6ED8D191}.Debug|x86.ActiveCfg = Debug|Any CPU
		{B3CC29A0-3E41-4831-A213-3E2D6ED8D191}.Debug|x86.Build.0 = Debug|Any CPU
		{B3CC29A0-3E41-4831-A213-3E2D6ED8D191}.Release|Any CPU.ActiveCfg = Release|Any CPU
		{B3CC29A0-3E41-4831-A213-3E2D6ED8D191}.Release|Any CPU.Build.0 = Release|Any CPU
		{B3CC29A0-3E41-4831-A213-3E2D6ED8D191}.Release|x64.ActiveCfg = Release|Any CPU
		{B3CC29A0-3E41-4831-A213-3E2D6ED8D191}.Release|x64.Build.0 = Release|Any CPU
		{B3CC29A0-3E41-4831-A213-3E2D6ED8D191}.Release|x86.ActiveCfg = Release|Any CPU
		{B3CC29A0-3E41-4831-A213-3E2D6ED8D191}.Release|x86.Build.0 = Release|Any CPU
		{09E7E30F-B790-43C5-AAA7-716BC75B084C}.Debug|Any CPU.ActiveCfg = Debug|Any CPU
		{09E7E30F-B790-43C5-AAA7-716BC75B084C}.Debug|Any CPU.Build.0 = Debug|Any CPU
		{09E7E30F-B790-43C5-AAA7-716BC75B084C}.Debug|x64.ActiveCfg = Debug|Any CPU
		{09E7E30F-B790-43C5-AAA7-716BC75B084C}.Debug|x64.Build.0 = Debug|Any CPU
		{09E7E30F-B790-43C5-AAA7-716BC75B084C}.Debug|x86.ActiveCfg = Debug|Any CPU
		{09E7E30F-B790-43C5-AAA7-716BC75B084C}.Debug|x86.Build.0 = Debug|Any CPU
		{09E7E30F-B790-43C5-AAA7-716BC75B084C}.Release|Any CPU.ActiveCfg = Release|Any CPU
		{09E7E30F-B790-43C5-AAA7-716BC75B084C}.Release|Any CPU.Build.0 = Release|Any CPU
		{09E7E30F-B790-43C5-AAA7-716BC75B084C}.Release|x64.ActiveCfg = Release|Any CPU
		{09E7E30F-B790-43C5-AAA7-716BC75B084C}.Release|x64.Build.0 = Release|Any CPU
		{09E7E30F-B790-43C5-AAA7-716BC75B084C}.Release|x86.ActiveCfg = Release|Any CPU
		{09E7E30F-B790-43C5-AAA7-716BC75B084C}.Release|x86.Build.0 = Release|Any CPU
		{3D4E0CAA-F85B-4232-8165-6BB99CA4157B}.Debug|Any CPU.ActiveCfg = Debug|Any CPU
		{3D4E0CAA-F85B-4232-8165-6BB99CA4157B}.Debug|Any CPU.Build.0 = Debug|Any CPU
		{3D4E0CAA-F85B-4232-8165-6BB99CA4157B}.Debug|x64.ActiveCfg = Debug|Any CPU
		{3D4E0CAA-F85B-4232-8165-6BB99CA4157B}.Debug|x64.Build.0 = Debug|Any CPU
		{3D4E0CAA-F85B-4232-8165-6BB99CA4157B}.Debug|x86.ActiveCfg = Debug|Any CPU
		{3D4E0CAA-F85B-4232-8165-6BB99CA4157B}.Debug|x86.Build.0 = Debug|Any CPU
		{3D4E0CAA-F85B-4232-8165-6BB99CA4157B}.Release|Any CPU.ActiveCfg = Release|Any CPU
		{3D4E0CAA-F85B-4232-8165-6BB99CA4157B}.Release|Any CPU.Build.0 = Release|Any CPU
		{3D4E0CAA-F85B-4232-8165-6BB99CA4157B}.Release|x64.ActiveCfg = Release|Any CPU
		{3D4E0CAA-F85B-4232-8165-6BB99CA4157B}.Release|x64.Build.0 = Release|Any CPU
		{3D4E0CAA-F85B-4232-8165-6BB99CA4157B}.Release|x86.ActiveCfg = Release|Any CPU
		{3D4E0CAA-F85B-4232-8165-6BB99CA4157B}.Release|x86.Build.0 = Release|Any CPU
		{8C132860-3832-49A6-AC86-01B4109CCB8D}.Debug|Any CPU.ActiveCfg = Debug|Any CPU
		{8C132860-3832-49A6-AC86-01B4109CCB8D}.Debug|Any CPU.Build.0 = Debug|Any CPU
		{8C132860-3832-49A6-AC86-01B4109CCB8D}.Debug|x64.ActiveCfg = Debug|Any CPU
		{8C132860-3832-49A6-AC86-01B4109CCB8D}.Debug|x64.Build.0 = Debug|Any CPU
		{8C132860-3832-49A6-AC86-01B4109CCB8D}.Debug|x86.ActiveCfg = Debug|Any CPU
		{8C132860-3832-49A6-AC86-01B4109CCB8D}.Debug|x86.Build.0 = Debug|Any CPU
		{8C132860-3832-49A6-AC86-01B4109CCB8D}.Release|Any CPU.ActiveCfg = Release|Any CPU
		{8C132860-3832-49A6-AC86-01B4109CCB8D}.Release|Any CPU.Build.0 = Release|Any CPU
		{8C132860-3832-49A6-AC86-01B4109CCB8D}.Release|x64.ActiveCfg = Release|Any CPU
		{8C132860-3832-49A6-AC86-01B4109CCB8D}.Release|x64.Build.0 = Release|Any CPU
		{8C132860-3832-49A6-AC86-01B4109CCB8D}.Release|x86.ActiveCfg = Release|Any CPU
		{8C132860-3832-49A6-AC86-01B4109CCB8D}.Release|x86.Build.0 = Release|Any CPU
		{752F92F1-2020-49A2-9DE8-3D99F6788D14}.Debug|Any CPU.ActiveCfg = Debug|Any CPU
		{752F92F1-2020-49A2-9DE8-3D99F6788D14}.Debug|Any CPU.Build.0 = Debug|Any CPU
		{752F92F1-2020-49A2-9DE8-3D99F6788D14}.Debug|x64.ActiveCfg = Debug|Any CPU
		{752F92F1-2020-49A2-9DE8-3D99F6788D14}.Debug|x64.Build.0 = Debug|Any CPU
		{752F92F1-2020-49A2-9DE8-3D99F6788D14}.Debug|x86.ActiveCfg = Debug|Any CPU
		{752F92F1-2020-49A2-9DE8-3D99F6788D14}.Debug|x86.Build.0 = Debug|Any CPU
		{752F92F1-2020-49A2-9DE8-3D99F6788D14}.Release|Any CPU.ActiveCfg = Release|Any CPU
		{752F92F1-2020-49A2-9DE8-3D99F6788D14}.Release|Any CPU.Build.0 = Release|Any CPU
		{752F92F1-2020-49A2-9DE8-3D99F6788D14}.Release|x64.ActiveCfg = Release|Any CPU
		{752F92F1-2020-49A2-9DE8-3D99F6788D14}.Release|x64.Build.0 = Release|Any CPU
		{752F92F1-2020-49A2-9DE8-3D99F6788D14}.Release|x86.ActiveCfg = Release|Any CPU
		{752F92F1-2020-49A2-9DE8-3D99F6788D14}.Release|x86.Build.0 = Release|Any CPU
	EndGlobalSection
	GlobalSection(SolutionProperties) = preSolution
		HideSolutionNode = FALSE
	EndGlobalSection
	GlobalSection(NestedProjects) = preSolution
		{07BDFC2D-501B-40BE-9E75-30CCA30DB314} = {827E0CD3-B72D-47B6-A68D-7590B98EB39B}
		{5F5B37C9-8338-4723-B386-2F90A8B26FC1} = {827E0CD3-B72D-47B6-A68D-7590B98EB39B}
		{FDF12090-00DE-4B45-9947-4F847221E7E6} = {827E0CD3-B72D-47B6-A68D-7590B98EB39B}
		{B3CC29A0-3E41-4831-A213-3E2D6ED8D191} = {827E0CD3-B72D-47B6-A68D-7590B98EB39B}
		{09E7E30F-B790-43C5-AAA7-716BC75B084C} = {827E0CD3-B72D-47B6-A68D-7590B98EB39B}
		{3D4E0CAA-F85B-4232-8165-6BB99CA4157B} = {827E0CD3-B72D-47B6-A68D-7590B98EB39B}
		{8C132860-3832-49A6-AC86-01B4109CCB8D} = {0AB3BF05-4346-4AA6-1389-037BE0695223}
		{752F92F1-2020-49A2-9DE8-3D99F6788D14} = {0AB3BF05-4346-4AA6-1389-037BE0695223}
	EndGlobalSection
EndGlobal
